
Microsoft Visual Studio Solution File, Format Version 12.00
# Visual Studio 15
VisualStudioVersion = 15.0.28307.852
MinimumVisualStudioVersion = 10.0.40219.1
Project("{FAE04EC0-301F-11D3-BF4B-00C04F79EFBC}") = "RLib", "RLib\RLib.csproj", "{44044943-5A79-4F35-8588-D90770E09D60}"
EndProject
Project("{2150E333-8FDC-42A3-9474-1A3956D46DE8}") = "Comm", "Comm", "{DD352B6C-C2A2-4D4F-9CFB-5A9D45599DD4}"
EndProject
Project("{2150E333-8FDC-42A3-9474-1A3956D46DE8}") = "Web", "Web", "{6F8622B7-5838-41F2-9595-52440756FAC2}"
EndProject
Project("{FAE04EC0-301F-11D3-BF4B-00C04F79EFBC}") = "Ruanal.Job", "Ruanal.JobBase\Ruanal.Job.csproj", "{53636A16-989D-4E35-B880-50DB5F3CD987}"
EndProject
Project("{FAE04EC0-301F-11D3-BF4B-00C04F79EFBC}") = "Ruanal.WebDomain", "Ruanal.WebDomain\Ruanal.WebDomain.csproj", "{B315EC03-3EE7-4E8D-8069-1D3FC427881A}"
EndProject
Project("{FAE04EC0-301F-11D3-BF4B-00C04F79EFBC}") = "Ruanal.Web", "Ruanal.Web\Ruanal.Web.csproj", "{EF22938B-4FAD-4177-AC1D-8F2E8275E869}"
EndProject
Project("{FAE04EC0-301F-11D3-BF4B-00C04F79EFBC}") = "Ruanal.ServiceSchedule", "Ruanal.JobSchedule\Ruanal.ServiceSchedule.csproj", "{486AECC5-5C6A-46E7-A214-0363FDFA1C82}"
EndProject
Project("{FAE04EC0-301F-11D3-BF4B-00C04F79EFBC}") = "Ruanal.WorkNode", "Ruanal.WorkNode\Ruanal.WorkNode.csproj", "{3B39CF2D-2229-482D-B138-37C00CA2E74E}"
EndProject
Project("{FAE04EC0-301F-11D3-BF4B-00C04F79EFBC}") = "Ruanal.Core", "Ruanal.Core\Ruanal.Core.csproj", "{A3CB446C-853C-4325-B406-9B3779964AEE}"
EndProject
Project("{2150E333-8FDC-42A3-9474-1A3956D46DE8}") = "ServiceNode", "ServiceNode", "{7553F7E1-BE9F-44D9-9CEC-E68C09790CAB}"
EndProject
Project("{FAE04EC0-301F-11D3-BF4B-00C04F79EFBC}") = "Ruanal.DispatchNode", "Ruanal.DispatchNode\Ruanal.DispatchNode.csproj", "{8E02B6AA-8E0C-4852-8438-916DC668602E}"
EndProject
Project("{FAE04EC0-301F-11D3-BF4B-00C04F79EFBC}") = "TestTask01", "TestTask01\TestTask01.csproj", "{7530090D-FD1A-4541-99D8-60A5E20FCE34}"
EndProject
Project("{FAE04EC0-301F-11D3-BF4B-00C04F79EFBC}") = "ManageSDK", "ManageSDK\ManageSDK.csproj", "{1F5BD7AE-4F67-4A62-ADA2-CA4C670697F0}"
EndProject
Project("{FAE04EC0-301F-11D3-BF4B-00C04F79EFBC}") = "ConsoleApp2", "ConsoleApp2\ConsoleApp2.csproj", "{4596FECE-CE49-48D2-B8DD-3425951E371B}"
EndProject
Global
	GlobalSection(SolutionConfigurationPlatforms) = preSolution
		Debug|Any CPU = Debug|Any CPU
		Debug|x64 = Debug|x64
		Release_64|Any CPU = Release_64|Any CPU
		Release_64|x64 = Release_64|x64
		Release|Any CPU = Release|Any CPU
		Release|x64 = Release|x64
	EndGlobalSection
	GlobalSection(ProjectConfigurationPlatforms) = postSolution
		{44044943-5A79-4F35-8588-D90770E09D60}.Debug|Any CPU.ActiveCfg = Debug|Any CPU
		{44044943-5A79-4F35-8588-D90770E09D60}.Debug|Any CPU.Build.0 = Debug|Any CPU
		{44044943-5A79-4F35-8588-D90770E09D60}.Debug|x64.ActiveCfg = Debug|x64
		{44044943-5A79-4F35-8588-D90770E09D60}.Debug|x64.Build.0 = Debug|x64
		{44044943-5A79-4F35-8588-D90770E09D60}.Release_64|Any CPU.ActiveCfg = Release|Any CPU
		{44044943-5A79-4F35-8588-D90770E09D60}.Release_64|Any CPU.Build.0 = Release|Any CPU
		{44044943-5A79-4F35-8588-D90770E09D60}.Release_64|x64.ActiveCfg = Release|x64
		{44044943-5A79-4F35-8588-D90770E09D60}.Release_64|x64.Build.0 = Release|x64
		{44044943-5A79-4F35-8588-D90770E09D60}.Release|Any CPU.ActiveCfg = Release|Any CPU
		{44044943-5A79-4F35-8588-D90770E09D60}.Release|Any CPU.Build.0 = Release|Any CPU
		{44044943-5A79-4F35-8588-D90770E09D60}.Release|x64.ActiveCfg = Release|x64
		{44044943-5A79-4F35-8588-D90770E09D60}.Release|x64.Build.0 = Release|x64
		{53636A16-989D-4E35-B880-50DB5F3CD987}.Debug|Any CPU.ActiveCfg = Debug|Any CPU
		{53636A16-989D-4E35-B880-50DB5F3CD987}.Debug|Any CPU.Build.0 = Debug|Any CPU
		{53636A16-989D-4E35-B880-50DB5F3CD987}.Debug|x64.ActiveCfg = Debug|x64
		{53636A16-989D-4E35-B880-50DB5F3CD987}.Debug|x64.Build.0 = Debug|x64
		{53636A16-989D-4E35-B880-50DB5F3CD987}.Release_64|Any CPU.ActiveCfg = Release|Any CPU
		{53636A16-989D-4E35-B880-50DB5F3CD987}.Release_64|Any CPU.Build.0 = Release|Any CPU
		{53636A16-989D-4E35-B880-50DB5F3CD987}.Release_64|x64.ActiveCfg = Release|x64
		{53636A16-989D-4E35-B880-50DB5F3CD987}.Release_64|x64.Build.0 = Release|x64
		{53636A16-989D-4E35-B880-50DB5F3CD987}.Release|Any CPU.ActiveCfg = Release|Any CPU
		{53636A16-989D-4E35-B880-50DB5F3CD987}.Release|Any CPU.Build.0 = Release|Any CPU
		{53636A16-989D-4E35-B880-50DB5F3CD987}.Release|x64.ActiveCfg = Release|x64
		{53636A16-989D-4E35-B880-50DB5F3CD987}.Release|x64.Build.0 = Release|x64
		{B315EC03-3EE7-4E8D-8069-1D3FC427881A}.Debug|Any CPU.ActiveCfg = Debug|Any CPU
		{B315EC03-3EE7-4E8D-8069-1D3FC427881A}.Debug|Any CPU.Build.0 = Debug|Any CPU
		{B315EC03-3EE7-4E8D-8069-1D3FC427881A}.Debug|x64.ActiveCfg = Debug|x64
		{B315EC03-3EE7-4E8D-8069-1D3FC427881A}.Debug|x64.Build.0 = Debug|x64
		{B315EC03-3EE7-4E8D-8069-1D3FC427881A}.Release_64|Any CPU.ActiveCfg = Release_64|Any CPU
		{B315EC03-3EE7-4E8D-8069-1D3FC427881A}.Release_64|Any CPU.Build.0 = Release_64|Any CPU
		{B315EC03-3EE7-4E8D-8069-1D3FC427881A}.Release_64|x64.ActiveCfg = Release_64|x64
		{B315EC03-3EE7-4E8D-8069-1D3FC427881A}.Release_64|x64.Build.0 = Release_64|x64
		{B315EC03-3EE7-4E8D-8069-1D3FC427881A}.Release|Any CPU.ActiveCfg = Release|Any CPU
		{B315EC03-3EE7-4E8D-8069-1D3FC427881A}.Release|Any CPU.Build.0 = Release|Any CPU
		{B315EC03-3EE7-4E8D-8069-1D3FC427881A}.Release|x64.ActiveCfg = Release|x64
		{B315EC03-3EE7-4E8D-8069-1D3FC427881A}.Release|x64.Build.0 = Release|x64
		{EF22938B-4FAD-4177-AC1D-8F2E8275E869}.Debug|Any CPU.ActiveCfg = Debug|Any CPU
		{EF22938B-4FAD-4177-AC1D-8F2E8275E869}.Debug|Any CPU.Build.0 = Debug|Any CPU
		{EF22938B-4FAD-4177-AC1D-8F2E8275E869}.Debug|x64.ActiveCfg = Debug|x64
		{EF22938B-4FAD-4177-AC1D-8F2E8275E869}.Debug|x64.Build.0 = Debug|x64
		{EF22938B-4FAD-4177-AC1D-8F2E8275E869}.Release_64|Any CPU.ActiveCfg = Release_64|Any CPU
		{EF22938B-4FAD-4177-AC1D-8F2E8275E869}.Release_64|Any CPU.Build.0 = Release_64|Any CPU
		{EF22938B-4FAD-4177-AC1D-8F2E8275E869}.Release_64|x64.ActiveCfg = Release_64|x64
		{EF22938B-4FAD-4177-AC1D-8F2E8275E869}.Release_64|x64.Build.0 = Release_64|x64
		{EF22938B-4FAD-4177-AC1D-8F2E8275E869}.Release|Any CPU.ActiveCfg = Release|Any CPU
		{EF22938B-4FAD-4177-AC1D-8F2E8275E869}.Release|Any CPU.Build.0 = Release|Any CPU
		{EF22938B-4FAD-4177-AC1D-8F2E8275E869}.Release|x64.ActiveCfg = Release|x64
		{EF22938B-4FAD-4177-AC1D-8F2E8275E869}.Release|x64.Build.0 = Release|x64
		{486AECC5-5C6A-46E7-A214-0363FDFA1C82}.Debug|Any CPU.ActiveCfg = Debug|Any CPU
		{486AECC5-5C6A-46E7-A214-0363FDFA1C82}.Debug|Any CPU.Build.0 = Debug|Any CPU
		{486AECC5-5C6A-46E7-A214-0363FDFA1C82}.Debug|x64.ActiveCfg = Debug|Any CPU
		{486AECC5-5C6A-46E7-A214-0363FDFA1C82}.Debug|x64.Build.0 = Debug|Any CPU
		{486AECC5-5C6A-46E7-A214-0363FDFA1C82}.Release_64|Any CPU.ActiveCfg = Release|Any CPU
		{486AECC5-5C6A-46E7-A214-0363FDFA1C82}.Release_64|Any CPU.Build.0 = Release|Any CPU
		{486AECC5-5C6A-46E7-A214-0363FDFA1C82}.Release_64|x64.ActiveCfg = Release|Any CPU
		{486AECC5-5C6A-46E7-A214-0363FDFA1C82}.Release_64|x64.Build.0 = Release|Any CPU
		{486AECC5-5C6A-46E7-A214-0363FDFA1C82}.Release|Any CPU.ActiveCfg = Release|Any CPU
		{486AECC5-5C6A-46E7-A214-0363FDFA1C82}.Release|Any CPU.Build.0 = Release|Any CPU
		{486AECC5-5C6A-46E7-A214-0363FDFA1C82}.Release|x64.ActiveCfg = Release|Any CPU
		{486AECC5-5C6A-46E7-A214-0363FDFA1C82}.Release|x64.Build.0 = Release|Any CPU
		{3B39CF2D-2229-482D-B138-37C00CA2E74E}.Debug|Any CPU.ActiveCfg = Debug|Any CPU
		{3B39CF2D-2229-482D-B138-37C00CA2E74E}.Debug|Any CPU.Build.0 = Debug|Any CPU
		{3B39CF2D-2229-482D-B138-37C00CA2E74E}.Debug|x64.ActiveCfg = Debug|Any CPU
		{3B39CF2D-2229-482D-B138-37C00CA2E74E}.Release_64|Any CPU.ActiveCfg = Release|Any CPU
		{3B39CF2D-2229-482D-B138-37C00CA2E74E}.Release_64|Any CPU.Build.0 = Release|Any CPU
		{3B39CF2D-2229-482D-B138-37C00CA2E74E}.Release_64|x64.ActiveCfg = Release|Any CPU
		{3B39CF2D-2229-482D-B138-37C00CA2E74E}.Release|Any CPU.ActiveCfg = Release|Any CPU
		{3B39CF2D-2229-482D-B138-37C00CA2E74E}.Release|Any CPU.Build.0 = Release|Any CPU
		{3B39CF2D-2229-482D-B138-37C00CA2E74E}.Release|x64.ActiveCfg = Release|Any CPU
		{A3CB446C-853C-4325-B406-9B3779964AEE}.Debug|Any CPU.ActiveCfg = Debug|Any CPU
		{A3CB446C-853C-4325-B406-9B3779964AEE}.Debug|Any CPU.Build.0 = Debug|Any CPU
		{A3CB446C-853C-4325-B406-9B3779964AEE}.Debug|x64.ActiveCfg = Debug|Any CPU
		{A3CB446C-853C-4325-B406-9B3779964AEE}.Release_64|Any CPU.ActiveCfg = Release|Any CPU
		{A3CB446C-853C-4325-B406-9B3779964AEE}.Release_64|Any CPU.Build.0 = Release|Any CPU
		{A3CB446C-853C-4325-B406-9B3779964AEE}.Release_64|x64.ActiveCfg = Release|Any CPU
		{A3CB446C-853C-4325-B406-9B3779964AEE}.Release|Any CPU.ActiveCfg = Release|Any CPU
		{A3CB446C-853C-4325-B406-9B3779964AEE}.Release|Any CPU.Build.0 = Release|Any CPU
		{A3CB446C-853C-4325-B406-9B3779964AEE}.Release|x64.ActiveCfg = Release|Any CPU
		{8E02B6AA-8E0C-4852-8438-916DC668602E}.Debug|Any CPU.ActiveCfg = Debug|Any CPU
		{8E02B6AA-8E0C-4852-8438-916DC668602E}.Debug|Any CPU.Build.0 = Debug|Any CPU
		{8E02B6AA-8E0C-4852-8438-916DC668602E}.Debug|x64.ActiveCfg = Debug|Any CPU
		{8E02B6AA-8E0C-4852-8438-916DC668602E}.Debug|x64.Build.0 = Debug|Any CPU
		{8E02B6AA-8E0C-4852-8438-916DC668602E}.Release_64|Any CPU.ActiveCfg = Release|Any CPU
		{8E02B6AA-8E0C-4852-8438-916DC668602E}.Release_64|Any CPU.Build.0 = Release|Any CPU
		{8E02B6AA-8E0C-4852-8438-916DC668602E}.Release_64|x64.ActiveCfg = Release|Any CPU
		{8E02B6AA-8E0C-4852-8438-916DC668602E}.Release_64|x64.Build.0 = Release|Any CPU
		{8E02B6AA-8E0C-4852-8438-916DC668602E}.Release|Any CPU.ActiveCfg = Release|Any CPU
		{8E02B6AA-8E0C-4852-8438-916DC668602E}.Release|Any CPU.Build.0 = Release|Any CPU
		{8E02B6AA-8E0C-4852-8438-916DC668602E}.Release|x64.ActiveCfg = Release|Any CPU
		{8E02B6AA-8E0C-4852-8438-916DC668602E}.Release|x64.Build.0 = Release|Any CPU
		{7530090D-FD1A-4541-99D8-60A5E20FCE34}.Debug|Any CPU.ActiveCfg = Debug|Any CPU
		{7530090D-FD1A-4541-99D8-60A5E20FCE34}.Debug|Any CPU.Build.0 = Debug|Any CPU
		{7530090D-FD1A-4541-99D8-60A5E20FCE34}.Debug|x64.ActiveCfg = Debug|Any CPU
		{7530090D-FD1A-4541-99D8-60A5E20FCE34}.Release_64|Any CPU.ActiveCfg = Release|Any CPU
		{7530090D-FD1A-4541-99D8-60A5E20FCE34}.Release_64|Any CPU.Build.0 = Release|Any CPU
		{7530090D-FD1A-4541-99D8-60A5E20FCE34}.Release_64|x64.ActiveCfg = Release|Any CPU
		{7530090D-FD1A-4541-99D8-60A5E20FCE34}.Release|Any CPU.ActiveCfg = Release|Any CPU
		{7530090D-FD1A-4541-99D8-60A5E20FCE34}.Release|Any CPU.Build.0 = Release|Any CPU
		{7530090D-FD1A-4541-99D8-60A5E20FCE34}.Release|x64.ActiveCfg = Release|Any CPU
		{1F5BD7AE-4F67-4A62-ADA2-CA4C670697F0}.Debug|Any CPU.ActiveCfg = Debug|Any CPU
		{1F5BD7AE-4F67-4A62-ADA2-CA4C670697F0}.Debug|Any CPU.Build.0 = Debug|Any CPU
		{1F5BD7AE-4F67-4A62-ADA2-CA4C670697F0}.Debug|x64.ActiveCfg = Debug|Any CPU
		{1F5BD7AE-4F67-4A62-ADA2-CA4C670697F0}.Debug|x64.Build.0 = Debug|Any CPU
		{1F5BD7AE-4F67-4A62-ADA2-CA4C670697F0}.Release_64|Any CPU.ActiveCfg = Release|Any CPU
		{1F5BD7AE-4F67-4A62-ADA2-CA4C670697F0}.Release_64|Any CPU.Build.0 = Release|Any CPU
		{1F5BD7AE-4F67-4A62-ADA2-CA4C670697F0}.Release_64|x64.ActiveCfg = Release|Any CPU
		{1F5BD7AE-4F67-4A62-ADA2-CA4C670697F0}.Release_64|x64.Build.0 = Release|Any CPU
		{1F5BD7AE-4F67-4A62-ADA2-CA4C670697F0}.Release|Any CPU.ActiveCfg = Release|Any CPU
		{1F5BD7AE-4F67-4A62-ADA2-CA4C670697F0}.Release|Any CPU.Build.0 = Release|Any CPU
		{1F5BD7AE-4F67-4A62-ADA2-CA4C670697F0}.Release|x64.ActiveCfg = Release|Any CPU
		{1F5BD7AE-4F67-4A62-ADA2-CA4C670697F0}.Release|x64.Build.0 = Release|Any CPU
		{4596FECE-CE49-48D2-B8DD-3425951E371B}.Debug|Any CPU.ActiveCfg = Debug|Any CPU
		{4596FECE-CE49-48D2-B8DD-3425951E371B}.Debug|Any CPU.Build.0 = Debug|Any CPU
		{4596FECE-CE49-48D2-B8DD-3425951E371B}.Debug|x64.ActiveCfg = Debug|Any CPU
		{4596FECE-CE49-48D2-B8DD-3425951E371B}.Debug|x64.Build.0 = Debug|Any CPU
		{4596FECE-CE49-48D2-B8DD-3425951E371B}.Release_64|Any CPU.ActiveCfg = Release|Any CPU
		{4596FECE-CE49-48D2-B8DD-3425951E371B}.Release_64|Any CPU.Build.0 = Release|Any CPU
		{4596FECE-CE49-48D2-B8DD-3425951E371B}.Release_64|x64.ActiveCfg = Release|Any CPU
		{4596FECE-CE49-48D2-B8DD-3425951E371B}.Release_64|x64.Build.0 = Release|Any CPU
		{4596FECE-CE49-48D2-B8DD-3425951E371B}.Release|Any CPU.ActiveCfg = Release|Any CPU
		{4596FECE-CE49-48D2-B8DD-3425951E371B}.Release|Any CPU.Build.0 = Release|Any CPU
		{4596FECE-CE49-48D2-B8DD-3425951E371B}.Release|x64.ActiveCfg = Release|Any CPU
		{4596FECE-CE49-48D2-B8DD-3425951E371B}.Release|x64.Build.0 = Release|Any CPU
	EndGlobalSection
	GlobalSection(SolutionProperties) = preSolution
		HideSolutionNode = FALSE
	EndGlobalSection
	GlobalSection(NestedProjects) = preSolution
		{44044943-5A79-4F35-8588-D90770E09D60} = {DD352B6C-C2A2-4D4F-9CFB-5A9D45599DD4}
		{53636A16-989D-4E35-B880-50DB5F3CD987} = {DD352B6C-C2A2-4D4F-9CFB-5A9D45599DD4}
		{B315EC03-3EE7-4E8D-8069-1D3FC427881A} = {6F8622B7-5838-41F2-9595-52440756FAC2}
		{EF22938B-4FAD-4177-AC1D-8F2E8275E869} = {6F8622B7-5838-41F2-9595-52440756FAC2}
		{486AECC5-5C6A-46E7-A214-0363FDFA1C82} = {DD352B6C-C2A2-4D4F-9CFB-5A9D45599DD4}
		{3B39CF2D-2229-482D-B138-37C00CA2E74E} = {7553F7E1-BE9F-44D9-9CEC-E68C09790CAB}
		{A3CB446C-853C-4325-B406-9B3779964AEE} = {DD352B6C-C2A2-4D4F-9CFB-5A9D45599DD4}
		{8E02B6AA-8E0C-4852-8438-916DC668602E} = {7553F7E1-BE9F-44D9-9CEC-E68C09790CAB}
	EndGlobalSection
	GlobalSection(ExtensibilityGlobals) = postSolution
		SolutionGuid = {624BC740-42CB-45A9-A75D-36CFBA891E02}
	EndGlobalSection
EndGlobal
